
Microsoft Visual Studio Solution File, Format Version 11.00
# Visual Studio 2010
Project("{FAE04EC0-301F-11D3-BF4B-00C04F79EFBC}") = "Assembly-CSharp", "Assembly-CSharp.csproj", "{C6ECF015-4FF1-EC9D-7551-B9FEE4FFCA34}"
EndProject
Global
	GlobalSection(SolutionConfigurationPlatforms) = preSolution
		Debug|Any CPU = Debug|Any CPU
		Release|Any CPU = Release|Any CPU
	EndGlobalSection
	GlobalSection(ProjectConfigurationPlatforms) = postSolution
		{C6ECF015-4FF1-EC9D-7551-B9FEE4FFCA34}.Debug|Any CPU.ActiveCfg = Debug|Any CPU
		{C6ECF015-4FF1-EC9D-7551-B9FEE4FFCA34}.Debug|Any CPU.Build.0 = Debug|Any CPU
		{C6ECF015-4FF1-EC9D-7551-B9FEE4FFCA34}.Release|Any CPU.ActiveCfg = Release|Any CPU
		{C6ECF015-4FF1-EC9D-7551-B9FEE4FFCA34}.Release|Any CPU.Build.0 = Release|Any CPU
	EndGlobalSection
	GlobalSection(SolutionProperties) = preSolution
		HideSolutionNode = FALSE
	EndGlobalSection
EndGlobal
